
Microsoft Visual Studio Solution File, Format Version 12.00
# Visual Studio 15
VisualStudioVersion = 15.0.28307.705
MinimumVisualStudioVersion = 10.0.40219.1
Project("{FAE04EC0-301F-11D3-BF4B-00C04F79EFBC}") = "Week9.2", "Week9.2\Week9.2.csproj", "{705A02DB-FC02-47CA-BFA6-5C0CA6CEC4C5}"
EndProject
Project("{FAE04EC0-301F-11D3-BF4B-00C04F79EFBC}") = "SummaryPublisherApp", "SummaryPublisherApp\SummaryPublisherApp.csproj", "{391A81E4-2036-4E70-AE55-82E455D4208D}"
EndProject
Global
	GlobalSection(SolutionConfigurationPlatforms) = preSolution
		Debug|Any CPU = Debug|Any CPU
		Release|Any CPU = Release|Any CPU
	EndGlobalSection
	GlobalSection(ProjectConfigurationPlatforms) = postSolution
		{705A02DB-FC02-47CA-BFA6-5C0CA6CEC4C5}.Debug|Any CPU.ActiveCfg = Debug|Any CPU
		{705A02DB-FC02-47CA-BFA6-5C0CA6CEC4C5}.Debug|Any CPU.Build.0 = Debug|Any CPU
		{705A02DB-FC02-47CA-BFA6-5C0CA6CEC4C5}.Release|Any CPU.ActiveCfg = Release|Any CPU
		{705A02DB-FC02-47CA-BFA6-5C0CA6CEC4C5}.Release|Any CPU.Build.0 = Release|Any CPU
		{391A81E4-2036-4E70-AE55-82E455D4208D}.Debug|Any CPU.ActiveCfg = Debug|Any CPU
		{391A81E4-2036-4E70-AE55-82E455D4208D}.Debug|Any CPU.Build.0 = Debug|Any CPU
		{391A81E4-2036-4E70-AE55-82E455D4208D}.Release|Any CPU.ActiveCfg = Release|Any CPU
		{391A81E4-2036-4E70-AE55-82E455D4208D}.Release|Any CPU.Build.0 = Release|Any CPU
	EndGlobalSection
	GlobalSection(SolutionProperties) = preSolution
		HideSolutionNode = FALSE
	EndGlobalSection
	GlobalSection(ExtensibilityGlobals) = postSolution
		SolutionGuid = {55E13F33-3B41-4CA6-B092-DAD7C76D5D0E}
	EndGlobalSection
EndGlobal
